
Microsoft Visual Studio Solution File, Format Version 12.00
# Visual Studio 15
VisualStudioVersion = 15.0.28124.53
MinimumVisualStudioVersion = 10.0.40219.1
Project("{9A19103F-16F7-4668-BE54-9A1E7A4F7556}") = "ElGuerre.Taskin.Api", "src\ElGuerre.Taskin.Api\ElGuerre.Taskin.Api.csproj", "{492B9E89-455A-428F-9D81-4D4DBCE16CDA}"
EndProject
Project("{9A19103F-16F7-4668-BE54-9A1E7A4F7556}") = "ElGuerre.Taskin.Blazor", "src\UI\ElGuerre.Taskin.Blazor\ElGuerre.Taskin.Blazor.csproj", "{720B84AD-4392-4910-80FD-AC4C04DE80E4}"
EndProject
Project("{9A19103F-16F7-4668-BE54-9A1E7A4F7556}") = "ElGuerre.Taskin.Models", "src\ElGuerre.Taskin.Models\ElGuerre.Taskin.Models.csproj", "{2CB8395D-6A1C-4F06-91F5-0627D992CBA3}"
EndProject
Project("{2150E333-8FDC-42A3-9474-1A3956D46DE8}") = "ApplicationBlocks", "ApplicationBlocks", "{189415D4-083D-43F0-AABE-BF6E1A9B29A4}"
EndProject
Project("{9A19103F-16F7-4668-BE54-9A1E7A4F7556}") = "ElGuerre.ApplicationBlocks.Core", "src\ApplicationBlocks\ElGuerre.ApplicationBlocks.Core\ElGuerre.ApplicationBlocks.Core.csproj", "{34EFFBFA-95F4-425F-B164-C3B8380B572F}"
EndProject
Project("{9A19103F-16F7-4668-BE54-9A1E7A4F7556}") = "ElGuerre.ApplicationBlocks.Logging", "src\ApplicationBlocks\ElGuerre.ApplicationBlocks.Logging\ElGuerre.ApplicationBlocks.Logging.csproj", "{9E732A77-7848-4A67-8656-CC54268AE488}"
EndProject
Project("{2150E333-8FDC-42A3-9474-1A3956D46DE8}") = "backend", "backend", "{10FAC814-0BEC-4B2D-A255-CFCF0DF00368}"
EndProject
Project("{2150E333-8FDC-42A3-9474-1A3956D46DE8}") = "frontend", "frontend", "{FD80AE12-7E9B-4C48-BD2C-BD29411DCE4B}"
EndProject
Project("{2150E333-8FDC-42A3-9474-1A3956D46DE8}") = "shared", "shared", "{4D588CCF-7454-4C6A-89ED-CB1E07386C13}"
EndProject
Global
	GlobalSection(SolutionConfigurationPlatforms) = preSolution
		Debug|Any CPU = Debug|Any CPU
		Release|Any CPU = Release|Any CPU
	EndGlobalSection
	GlobalSection(ProjectConfigurationPlatforms) = postSolution
		{492B9E89-455A-428F-9D81-4D4DBCE16CDA}.Debug|Any CPU.ActiveCfg = Debug|Any CPU
		{492B9E89-455A-428F-9D81-4D4DBCE16CDA}.Debug|Any CPU.Build.0 = Debug|Any CPU
		{492B9E89-455A-428F-9D81-4D4DBCE16CDA}.Release|Any CPU.ActiveCfg = Release|Any CPU
		{492B9E89-455A-428F-9D81-4D4DBCE16CDA}.Release|Any CPU.Build.0 = Release|Any CPU
		{720B84AD-4392-4910-80FD-AC4C04DE80E4}.Debug|Any CPU.ActiveCfg = Debug|Any CPU
		{720B84AD-4392-4910-80FD-AC4C04DE80E4}.Debug|Any CPU.Build.0 = Debug|Any CPU
		{720B84AD-4392-4910-80FD-AC4C04DE80E4}.Release|Any CPU.ActiveCfg = Release|Any CPU
		{720B84AD-4392-4910-80FD-AC4C04DE80E4}.Release|Any CPU.Build.0 = Release|Any CPU
		{2CB8395D-6A1C-4F06-91F5-0627D992CBA3}.Debug|Any CPU.ActiveCfg = Debug|Any CPU
		{2CB8395D-6A1C-4F06-91F5-0627D992CBA3}.Debug|Any CPU.Build.0 = Debug|Any CPU
		{2CB8395D-6A1C-4F06-91F5-0627D992CBA3}.Release|Any CPU.ActiveCfg = Release|Any CPU
		{2CB8395D-6A1C-4F06-91F5-0627D992CBA3}.Release|Any CPU.Build.0 = Release|Any CPU
		{34EFFBFA-95F4-425F-B164-C3B8380B572F}.Debug|Any CPU.ActiveCfg = Debug|Any CPU
		{34EFFBFA-95F4-425F-B164-C3B8380B572F}.Debug|Any CPU.Build.0 = Debug|Any CPU
		{34EFFBFA-95F4-425F-B164-C3B8380B572F}.Release|Any CPU.ActiveCfg = Release|Any CPU
		{34EFFBFA-95F4-425F-B164-C3B8380B572F}.Release|Any CPU.Build.0 = Release|Any CPU
		{9E732A77-7848-4A67-8656-CC54268AE488}.Debug|Any CPU.ActiveCfg = Debug|Any CPU
		{9E732A77-7848-4A67-8656-CC54268AE488}.Debug|Any CPU.Build.0 = Debug|Any CPU
		{9E732A77-7848-4A67-8656-CC54268AE488}.Release|Any CPU.ActiveCfg = Release|Any CPU
		{9E732A77-7848-4A67-8656-CC54268AE488}.Release|Any CPU.Build.0 = Release|Any CPU
	EndGlobalSection
	GlobalSection(SolutionProperties) = preSolution
		HideSolutionNode = FALSE
	EndGlobalSection
	GlobalSection(NestedProjects) = preSolution
		{492B9E89-455A-428F-9D81-4D4DBCE16CDA} = {10FAC814-0BEC-4B2D-A255-CFCF0DF00368}
		{720B84AD-4392-4910-80FD-AC4C04DE80E4} = {FD80AE12-7E9B-4C48-BD2C-BD29411DCE4B}
		{2CB8395D-6A1C-4F06-91F5-0627D992CBA3} = {4D588CCF-7454-4C6A-89ED-CB1E07386C13}
		{34EFFBFA-95F4-425F-B164-C3B8380B572F} = {189415D4-083D-43F0-AABE-BF6E1A9B29A4}
		{9E732A77-7848-4A67-8656-CC54268AE488} = {189415D4-083D-43F0-AABE-BF6E1A9B29A4}
	EndGlobalSection
	GlobalSection(ExtensibilityGlobals) = postSolution
		SolutionGuid = {5DF0C509-FB1D-4C2A-8EE0-837E8B78CE6B}
	EndGlobalSection
EndGlobal
