Microsoft Visual Studio Solution File, Format Version 12.00
# Visual Studio 15
VisualStudioVersion = 15.0.27130.2020
MinimumVisualStudioVersion = 10.0.40219.1
Project("{2150E333-8FDC-42A3-9474-1A3956D46DE8}") = "test", "test", "{3BAC77CE-AAF1-44D6-B345-3A1CA2C0E83F}"
EndProject
Project("{2150E333-8FDC-42A3-9474-1A3956D46DE8}") = "Services", "Services", "{BF6F36DC-B9A4-4F55-8D95-0AB2F510A21A}"
EndProject
Project("{2150E333-8FDC-42A3-9474-1A3956D46DE8}") = "UI", "UI", "{67658D2B-713F-439F-8ABB-DC23A80DD7B2}"
EndProject
Project("{9A19103F-16F7-4668-BE54-9A1E7A4F7556}") = "ElGuerre.Taskin.Api", "src\ElGuerre.Taskin.Api\ElGuerre.Taskin.Api.csproj", "{11671393-BECB-4088-A126-25F90F864256}"
EndProject
Project("{9A19103F-16F7-4668-BE54-9A1E7A4F7556}") = "ElGuerre.Taskin.Models", "src\ElGuerre.Taskin.Models\ElGuerre.Taskin.Models.csproj", "{FB315873-7213-4389-B3E9-9034C4D08F49}"
EndProject
Project("{2150E333-8FDC-42A3-9474-1A3956D46DE8}") = "Solution Items", "Solution Items", "{5420E91F-2EEB-482D-BA9C-44CDB59FCA82}"
	ProjectSection(SolutionItems) = preProject
		test\CodeCoverage.testsettings = test\CodeCoverage.testsettings
	EndProjectSection
EndProject
Project("{9A19103F-16F7-4668-BE54-9A1E7A4F7556}") = "ElGuerre.Taskin.Api.IntegrationTests", "test\IntegrationTests\ElGuerre.Taskin.Api.IntegrationTests\ElGuerre.Taskin.Api.IntegrationTests.csproj", "{22041B79-3416-414F-AB8F-4F7891572B7E}"
EndProject
Project("{9A19103F-16F7-4668-BE54-9A1E7A4F7556}") = "ElGuerre.Taskin.RazorPages", "src\UI\ElGuerre.Taskin.RazorPages\ElGuerre.Taskin.RazorPages.csproj", "{1038F022-03D0-448B-9B37-47BA141B223D}"
EndProject
Project("{9A19103F-16F7-4668-BE54-9A1E7A4F7556}") = "ElGuerre.Taskin.Blazor", "src\UI\ElGuerre.Taskin.Blazor\ElGuerre.Taskin.Blazor.csproj", "{D84D3702-9CE4-454E-B665-C6CAB9BCA0EA}"
EndProject
Project("{2150E333-8FDC-42A3-9474-1A3956D46DE8}") = "ApplicationBlocks", "ApplicationBlocks", "{D60A3A39-1141-4E9A-836E-B4DCB8F00DD1}"
EndProject
Project("{9A19103F-16F7-4668-BE54-9A1E7A4F7556}") = "ElGuerre.ApplicationBlocks.Logging", "src\ApplicationBlocks\ElGuerre.ApplicationBlocks.Logging\ElGuerre.ApplicationBlocks.Logging.csproj", "{E13B3D45-121D-476C-91FB-253D982FA100}"
EndProject
Project("{9A19103F-16F7-4668-BE54-9A1E7A4F7556}") = "ElGuerre.ApplicationBlocks.Core", "src\ApplicationBlocks\ElGuerre.ApplicationBlocks.Core\ElGuerre.ApplicationBlocks.Core.csproj", "{215B2AAC-7D28-46B1-96BE-4E4936AE19FE}"
EndProject
Project("{9A19103F-16F7-4668-BE54-9A1E7A4F7556}") = "ElGuerre.Taskin.Api.Tests", "test\UnitTets\ElGuerre.Taskin.Api.Tests\ElGuerre.Taskin.Api.Tests.csproj", "{8AD63B29-C274-4405-82B7-6D2586657A9E}"
EndProject
Global
	GlobalSection(SolutionConfigurationPlatforms) = preSolution
		Debug|Any CPU = Debug|Any CPU
		Release|Any CPU = Release|Any CPU
	EndGlobalSection
	GlobalSection(ProjectConfigurationPlatforms) = postSolution
		{11671393-BECB-4088-A126-25F90F864256}.Debug|Any CPU.ActiveCfg = Debug|Any CPU
		{11671393-BECB-4088-A126-25F90F864256}.Debug|Any CPU.Build.0 = Debug|Any CPU
		{11671393-BECB-4088-A126-25F90F864256}.Release|Any CPU.ActiveCfg = Release|Any CPU
		{11671393-BECB-4088-A126-25F90F864256}.Release|Any CPU.Build.0 = Release|Any CPU
		{FB315873-7213-4389-B3E9-9034C4D08F49}.Debug|Any CPU.ActiveCfg = Debug|Any CPU
		{FB315873-7213-4389-B3E9-9034C4D08F49}.Debug|Any CPU.Build.0 = Debug|Any CPU
		{FB315873-7213-4389-B3E9-9034C4D08F49}.Release|Any CPU.ActiveCfg = Release|Any CPU
		{FB315873-7213-4389-B3E9-9034C4D08F49}.Release|Any CPU.Build.0 = Release|Any CPU
		{22041B79-3416-414F-AB8F-4F7891572B7E}.Debug|Any CPU.ActiveCfg = Debug|Any CPU
		{22041B79-3416-414F-AB8F-4F7891572B7E}.Debug|Any CPU.Build.0 = Debug|Any CPU
		{22041B79-3416-414F-AB8F-4F7891572B7E}.Release|Any CPU.ActiveCfg = Release|Any CPU
		{22041B79-3416-414F-AB8F-4F7891572B7E}.Release|Any CPU.Build.0 = Release|Any CPU
		{1038F022-03D0-448B-9B37-47BA141B223D}.Debug|Any CPU.ActiveCfg = Debug|Any CPU
		{1038F022-03D0-448B-9B37-47BA141B223D}.Debug|Any CPU.Build.0 = Debug|Any CPU
		{1038F022-03D0-448B-9B37-47BA141B223D}.Release|Any CPU.ActiveCfg = Release|Any CPU
		{1038F022-03D0-448B-9B37-47BA141B223D}.Release|Any CPU.Build.0 = Release|Any CPU
		{D84D3702-9CE4-454E-B665-C6CAB9BCA0EA}.Debug|Any CPU.ActiveCfg = Debug|Any CPU
		{D84D3702-9CE4-454E-B665-C6CAB9BCA0EA}.Debug|Any CPU.Build.0 = Debug|Any CPU
		{D84D3702-9CE4-454E-B665-C6CAB9BCA0EA}.Release|Any CPU.ActiveCfg = Release|Any CPU
		{D84D3702-9CE4-454E-B665-C6CAB9BCA0EA}.Release|Any CPU.Build.0 = Release|Any CPU
		{E13B3D45-121D-476C-91FB-253D982FA100}.Debug|Any CPU.ActiveCfg = Debug|Any CPU
		{E13B3D45-121D-476C-91FB-253D982FA100}.Debug|Any CPU.Build.0 = Debug|Any CPU
		{E13B3D45-121D-476C-91FB-253D982FA100}.Release|Any CPU.ActiveCfg = Release|Any CPU
		{E13B3D45-121D-476C-91FB-253D982FA100}.Release|Any CPU.Build.0 = Release|Any CPU
		{215B2AAC-7D28-46B1-96BE-4E4936AE19FE}.Debug|Any CPU.ActiveCfg = Debug|Any CPU
		{215B2AAC-7D28-46B1-96BE-4E4936AE19FE}.Debug|Any CPU.Build.0 = Debug|Any CPU
		{215B2AAC-7D28-46B1-96BE-4E4936AE19FE}.Release|Any CPU.ActiveCfg = Release|Any CPU
		{215B2AAC-7D28-46B1-96BE-4E4936AE19FE}.Release|Any CPU.Build.0 = Release|Any CPU
		{8AD63B29-C274-4405-82B7-6D2586657A9E}.Debug|Any CPU.ActiveCfg = Debug|Any CPU
		{8AD63B29-C274-4405-82B7-6D2586657A9E}.Debug|Any CPU.Build.0 = Debug|Any CPU
		{8AD63B29-C274-4405-82B7-6D2586657A9E}.Release|Any CPU.ActiveCfg = Release|Any CPU
		{8AD63B29-C274-4405-82B7-6D2586657A9E}.Release|Any CPU.Build.0 = Release|Any CPU
	EndGlobalSection
	GlobalSection(SolutionProperties) = preSolution
		HideSolutionNode = FALSE
	EndGlobalSection
	GlobalSection(NestedProjects) = preSolution
		{11671393-BECB-4088-A126-25F90F864256} = {BF6F36DC-B9A4-4F55-8D95-0AB2F510A21A}
		{22041B79-3416-414F-AB8F-4F7891572B7E} = {3BAC77CE-AAF1-44D6-B345-3A1CA2C0E83F}
		{1038F022-03D0-448B-9B37-47BA141B223D} = {67658D2B-713F-439F-8ABB-DC23A80DD7B2}
		{D84D3702-9CE4-454E-B665-C6CAB9BCA0EA} = {67658D2B-713F-439F-8ABB-DC23A80DD7B2}
		{E13B3D45-121D-476C-91FB-253D982FA100} = {D60A3A39-1141-4E9A-836E-B4DCB8F00DD1}
		{215B2AAC-7D28-46B1-96BE-4E4936AE19FE} = {D60A3A39-1141-4E9A-836E-B4DCB8F00DD1}
		{8AD63B29-C274-4405-82B7-6D2586657A9E} = {3BAC77CE-AAF1-44D6-B345-3A1CA2C0E83F}
	EndGlobalSection
	GlobalSection(ExtensibilityGlobals) = postSolution
		SolutionGuid = {892CB51C-209D-4A44-9CA0-5477EE802176}
	EndGlobalSection
	GlobalSection(MonoDevelopProperties) = preSolution
		Policies = $0
		$0.DotNetNamingPolicy = $1
		$1.DirectoryNamespaceAssociation = PrefixedHierarchical
		$0.StandardHeader = $2
		$0.VersionControlPolicy = $3
	EndGlobalSection
EndGlobal
